
Microsoft Visual Studio Solution File, Format Version 12.00
# Visual Studio 15
VisualStudioVersion = 15.0.27130.2026
MinimumVisualStudioVersion = 10.0.40219.1
Project("{FAE04EC0-301F-11D3-BF4B-00C04F79EFBC}") = "KegID.Android", "KegID\KegID.Android\KegID.Android.csproj", "{667AE4D8-14A0-4C8F-82F3-59DE3B35E1AB}"
EndProject
Project("{FAE04EC0-301F-11D3-BF4B-00C04F79EFBC}") = "KegID.iOS", "KegID\KegID.iOS\KegID.iOS.csproj", "{B025D9B0-7309-4445-8C35-7A3C665D0C06}"
EndProject
Project("{FAE04EC0-301F-11D3-BF4B-00C04F79EFBC}") = "KegID.UWP", "KegID\KegID.UWP\KegID.UWP.csproj", "{3BE29739-A1DA-4910-BAC3-7AF6FD6ECE8A}"
EndProject
Project("{9A19103F-16F7-4668-BE54-9A1E7A4F7556}") = "KegID", "KegID\KegID\KegID.csproj", "{D5C32361-0B30-4FA3-BCE6-49D790CFEE42}"
EndProject
Global
	GlobalSection(SolutionConfigurationPlatforms) = preSolution
		Ad-Hoc|Any CPU = Ad-Hoc|Any CPU
		Ad-Hoc|ARM = Ad-Hoc|ARM
		Ad-Hoc|iPhone = Ad-Hoc|iPhone
		Ad-Hoc|iPhoneSimulator = Ad-Hoc|iPhoneSimulator
		Ad-Hoc|x64 = Ad-Hoc|x64
		Ad-Hoc|x86 = Ad-Hoc|x86
		AppStore|Any CPU = AppStore|Any CPU
		AppStore|ARM = AppStore|ARM
		AppStore|iPhone = AppStore|iPhone
		AppStore|iPhoneSimulator = AppStore|iPhoneSimulator
		AppStore|x64 = AppStore|x64
		AppStore|x86 = AppStore|x86
		Debug|Any CPU = Debug|Any CPU
		Debug|ARM = Debug|ARM
		Debug|iPhone = Debug|iPhone
		Debug|iPhoneSimulator = Debug|iPhoneSimulator
		Debug|x64 = Debug|x64
		Debug|x86 = Debug|x86
		Release|Any CPU = Release|Any CPU
		Release|ARM = Release|ARM
		Release|iPhone = Release|iPhone
		Release|iPhoneSimulator = Release|iPhoneSimulator
		Release|x64 = Release|x64
		Release|x86 = Release|x86
	EndGlobalSection
	GlobalSection(ProjectConfigurationPlatforms) = postSolution
		{667AE4D8-14A0-4C8F-82F3-59DE3B35E1AB}.Ad-Hoc|Any CPU.ActiveCfg = Release|Any CPU
		{667AE4D8-14A0-4C8F-82F3-59DE3B35E1AB}.Ad-Hoc|Any CPU.Build.0 = Release|Any CPU
		{667AE4D8-14A0-4C8F-82F3-59DE3B35E1AB}.Ad-Hoc|Any CPU.Deploy.0 = Release|Any CPU
		{667AE4D8-14A0-4C8F-82F3-59DE3B35E1AB}.Ad-Hoc|ARM.ActiveCfg = Release|Any CPU
		{667AE4D8-14A0-4C8F-82F3-59DE3B35E1AB}.Ad-Hoc|ARM.Build.0 = Release|Any CPU
		{667AE4D8-14A0-4C8F-82F3-59DE3B35E1AB}.Ad-Hoc|ARM.Deploy.0 = Release|Any CPU
		{667AE4D8-14A0-4C8F-82F3-59DE3B35E1AB}.Ad-Hoc|iPhone.ActiveCfg = Release|Any CPU
		{667AE4D8-14A0-4C8F-82F3-59DE3B35E1AB}.Ad-Hoc|iPhone.Build.0 = Release|Any CPU
		{667AE4D8-14A0-4C8F-82F3-59DE3B35E1AB}.Ad-Hoc|iPhone.Deploy.0 = Release|Any CPU
		{667AE4D8-14A0-4C8F-82F3-59DE3B35E1AB}.Ad-Hoc|iPhoneSimulator.ActiveCfg = Release|Any CPU
		{667AE4D8-14A0-4C8F-82F3-59DE3B35E1AB}.Ad-Hoc|iPhoneSimulator.Build.0 = Release|Any CPU
		{667AE4D8-14A0-4C8F-82F3-59DE3B35E1AB}.Ad-Hoc|iPhoneSimulator.Deploy.0 = Release|Any CPU
		{667AE4D8-14A0-4C8F-82F3-59DE3B35E1AB}.Ad-Hoc|x64.ActiveCfg = Release|Any CPU
		{667AE4D8-14A0-4C8F-82F3-59DE3B35E1AB}.Ad-Hoc|x64.Build.0 = Release|Any CPU
		{667AE4D8-14A0-4C8F-82F3-59DE3B35E1AB}.Ad-Hoc|x64.Deploy.0 = Release|Any CPU
		{667AE4D8-14A0-4C8F-82F3-59DE3B35E1AB}.Ad-Hoc|x86.ActiveCfg = Release|Any CPU
		{667AE4D8-14A0-4C8F-82F3-59DE3B35E1AB}.Ad-Hoc|x86.Build.0 = Release|Any CPU
		{667AE4D8-14A0-4C8F-82F3-59DE3B35E1AB}.Ad-Hoc|x86.Deploy.0 = Release|Any CPU
		{667AE4D8-14A0-4C8F-82F3-59DE3B35E1AB}.AppStore|Any CPU.ActiveCfg = Release|Any CPU
		{667AE4D8-14A0-4C8F-82F3-59DE3B35E1AB}.AppStore|Any CPU.Build.0 = Release|Any CPU
		{667AE4D8-14A0-4C8F-82F3-59DE3B35E1AB}.AppStore|Any CPU.Deploy.0 = Release|Any CPU
		{667AE4D8-14A0-4C8F-82F3-59DE3B35E1AB}.AppStore|ARM.ActiveCfg = Release|Any CPU
		{667AE4D8-14A0-4C8F-82F3-59DE3B35E1AB}.AppStore|ARM.Build.0 = Release|Any CPU
		{667AE4D8-14A0-4C8F-82F3-59DE3B35E1AB}.AppStore|ARM.Deploy.0 = Release|Any CPU
		{667AE4D8-14A0-4C8F-82F3-59DE3B35E1AB}.AppStore|iPhone.ActiveCfg = Release|Any CPU
		{667AE4D8-14A0-4C8F-82F3-59DE3B35E1AB}.AppStore|iPhone.Build.0 = Release|Any CPU
		{667AE4D8-14A0-4C8F-82F3-59DE3B35E1AB}.AppStore|iPhone.Deploy.0 = Release|Any CPU
		{667AE4D8-14A0-4C8F-82F3-59DE3B35E1AB}.AppStore|iPhoneSimulator.ActiveCfg = Release|Any CPU
		{667AE4D8-14A0-4C8F-82F3-59DE3B35E1AB}.AppStore|iPhoneSimulator.Build.0 = Release|Any CPU
		{667AE4D8-14A0-4C8F-82F3-59DE3B35E1AB}.AppStore|iPhoneSimulator.Deploy.0 = Release|Any CPU
		{667AE4D8-14A0-4C8F-82F3-59DE3B35E1AB}.AppStore|x64.ActiveCfg = Release|Any CPU
		{667AE4D8-14A0-4C8F-82F3-59DE3B35E1AB}.AppStore|x64.Build.0 = Release|Any CPU
		{667AE4D8-14A0-4C8F-82F3-59DE3B35E1AB}.AppStore|x64.Deploy.0 = Release|Any CPU
		{667AE4D8-14A0-4C8F-82F3-59DE3B35E1AB}.AppStore|x86.ActiveCfg = Release|Any CPU
		{667AE4D8-14A0-4C8F-82F3-59DE3B35E1AB}.AppStore|x86.Build.0 = Release|Any CPU
		{667AE4D8-14A0-4C8F-82F3-59DE3B35E1AB}.AppStore|x86.Deploy.0 = Release|Any CPU
		{667AE4D8-14A0-4C8F-82F3-59DE3B35E1AB}.Debug|Any CPU.ActiveCfg = Debug|Any CPU
		{667AE4D8-14A0-4C8F-82F3-59DE3B35E1AB}.Debug|Any CPU.Build.0 = Debug|Any CPU
		{667AE4D8-14A0-4C8F-82F3-59DE3B35E1AB}.Debug|Any CPU.Deploy.0 = Debug|Any CPU
		{667AE4D8-14A0-4C8F-82F3-59DE3B35E1AB}.Debug|ARM.ActiveCfg = Debug|Any CPU
		{667AE4D8-14A0-4C8F-82F3-59DE3B35E1AB}.Debug|ARM.Build.0 = Debug|Any CPU
		{667AE4D8-14A0-4C8F-82F3-59DE3B35E1AB}.Debug|ARM.Deploy.0 = Debug|Any CPU
		{667AE4D8-14A0-4C8F-82F3-59DE3B35E1AB}.Debug|iPhone.ActiveCfg = Debug|Any CPU
		{667AE4D8-14A0-4C8F-82F3-59DE3B35E1AB}.Debug|iPhone.Build.0 = Debug|Any CPU
		{667AE4D8-14A0-4C8F-82F3-59DE3B35E1AB}.Debug|iPhone.Deploy.0 = Debug|Any CPU
		{667AE4D8-14A0-4C8F-82F3-59DE3B35E1AB}.Debug|iPhoneSimulator.ActiveCfg = Debug|Any CPU
		{667AE4D8-14A0-4C8F-82F3-59DE3B35E1AB}.Debug|iPhoneSimulator.Build.0 = Debug|Any CPU
		{667AE4D8-14A0-4C8F-82F3-59DE3B35E1AB}.Debug|iPhoneSimulator.Deploy.0 = Debug|Any CPU
		{667AE4D8-14A0-4C8F-82F3-59DE3B35E1AB}.Debug|x64.ActiveCfg = Debug|Any CPU
		{667AE4D8-14A0-4C8F-82F3-59DE3B35E1AB}.Debug|x64.Build.0 = Debug|Any CPU
		{667AE4D8-14A0-4C8F-82F3-59DE3B35E1AB}.Debug|x64.Deploy.0 = Debug|Any CPU
		{667AE4D8-14A0-4C8F-82F3-59DE3B35E1AB}.Debug|x86.ActiveCfg = Debug|Any CPU
		{667AE4D8-14A0-4C8F-82F3-59DE3B35E1AB}.Debug|x86.Build.0 = Debug|Any CPU
		{667AE4D8-14A0-4C8F-82F3-59DE3B35E1AB}.Debug|x86.Deploy.0 = Debug|Any CPU
		{667AE4D8-14A0-4C8F-82F3-59DE3B35E1AB}.Release|Any CPU.ActiveCfg = Release|Any CPU
		{667AE4D8-14A0-4C8F-82F3-59DE3B35E1AB}.Release|Any CPU.Build.0 = Release|Any CPU
		{667AE4D8-14A0-4C8F-82F3-59DE3B35E1AB}.Release|Any CPU.Deploy.0 = Release|Any CPU
		{667AE4D8-14A0-4C8F-82F3-59DE3B35E1AB}.Release|ARM.ActiveCfg = Release|Any CPU
		{667AE4D8-14A0-4C8F-82F3-59DE3B35E1AB}.Release|ARM.Build.0 = Release|Any CPU
		{667AE4D8-14A0-4C8F-82F3-59DE3B35E1AB}.Release|ARM.Deploy.0 = Release|Any CPU
		{667AE4D8-14A0-4C8F-82F3-59DE3B35E1AB}.Release|iPhone.ActiveCfg = Release|Any CPU
		{667AE4D8-14A0-4C8F-82F3-59DE3B35E1AB}.Release|iPhone.Build.0 = Release|Any CPU
		{667AE4D8-14A0-4C8F-82F3-59DE3B35E1AB}.Release|iPhone.Deploy.0 = Release|Any CPU
		{667AE4D8-14A0-4C8F-82F3-59DE3B35E1AB}.Release|iPhoneSimulator.ActiveCfg = Release|Any CPU
		{667AE4D8-14A0-4C8F-82F3-59DE3B35E1AB}.Release|iPhoneSimulator.Build.0 = Release|Any CPU
		{667AE4D8-14A0-4C8F-82F3-59DE3B35E1AB}.Release|iPhoneSimulator.Deploy.0 = Release|Any CPU
		{667AE4D8-14A0-4C8F-82F3-59DE3B35E1AB}.Release|x64.ActiveCfg = Release|Any CPU
		{667AE4D8-14A0-4C8F-82F3-59DE3B35E1AB}.Release|x64.Build.0 = Release|Any CPU
		{667AE4D8-14A0-4C8F-82F3-59DE3B35E1AB}.Release|x64.Deploy.0 = Release|Any CPU
		{667AE4D8-14A0-4C8F-82F3-59DE3B35E1AB}.Release|x86.ActiveCfg = Release|Any CPU
		{667AE4D8-14A0-4C8F-82F3-59DE3B35E1AB}.Release|x86.Build.0 = Release|Any CPU
		{667AE4D8-14A0-4C8F-82F3-59DE3B35E1AB}.Release|x86.Deploy.0 = Release|Any CPU
		{B025D9B0-7309-4445-8C35-7A3C665D0C06}.Ad-Hoc|Any CPU.ActiveCfg = Ad-Hoc|iPhone
		{B025D9B0-7309-4445-8C35-7A3C665D0C06}.Ad-Hoc|ARM.ActiveCfg = Ad-Hoc|iPhone
		{B025D9B0-7309-4445-8C35-7A3C665D0C06}.Ad-Hoc|iPhone.ActiveCfg = Ad-Hoc|iPhone
		{B025D9B0-7309-4445-8C35-7A3C665D0C06}.Ad-Hoc|iPhone.Build.0 = Ad-Hoc|iPhone
		{B025D9B0-7309-4445-8C35-7A3C665D0C06}.Ad-Hoc|iPhoneSimulator.ActiveCfg = Ad-Hoc|iPhoneSimulator
		{B025D9B0-7309-4445-8C35-7A3C665D0C06}.Ad-Hoc|iPhoneSimulator.Build.0 = Ad-Hoc|iPhoneSimulator
		{B025D9B0-7309-4445-8C35-7A3C665D0C06}.Ad-Hoc|x64.ActiveCfg = Ad-Hoc|iPhone
		{B025D9B0-7309-4445-8C35-7A3C665D0C06}.Ad-Hoc|x86.ActiveCfg = Ad-Hoc|iPhone
		{B025D9B0-7309-4445-8C35-7A3C665D0C06}.AppStore|Any CPU.ActiveCfg = AppStore|iPhone
		{B025D9B0-7309-4445-8C35-7A3C665D0C06}.AppStore|ARM.ActiveCfg = AppStore|iPhone
		{B025D9B0-7309-4445-8C35-7A3C665D0C06}.AppStore|iPhone.ActiveCfg = AppStore|iPhone
		{B025D9B0-7309-4445-8C35-7A3C665D0C06}.AppStore|iPhone.Build.0 = AppStore|iPhone
		{B025D9B0-7309-4445-8C35-7A3C665D0C06}.AppStore|iPhoneSimulator.ActiveCfg = AppStore|iPhoneSimulator
		{B025D9B0-7309-4445-8C35-7A3C665D0C06}.AppStore|iPhoneSimulator.Build.0 = AppStore|iPhoneSimulator
		{B025D9B0-7309-4445-8C35-7A3C665D0C06}.AppStore|x64.ActiveCfg = AppStore|iPhone
		{B025D9B0-7309-4445-8C35-7A3C665D0C06}.AppStore|x86.ActiveCfg = AppStore|iPhone
		{B025D9B0-7309-4445-8C35-7A3C665D0C06}.Debug|Any CPU.ActiveCfg = Debug|iPhone
		{B025D9B0-7309-4445-8C35-7A3C665D0C06}.Debug|Any CPU.Build.0 = Debug|iPhone
		{B025D9B0-7309-4445-8C35-7A3C665D0C06}.Debug|ARM.ActiveCfg = Debug|iPhone
		{B025D9B0-7309-4445-8C35-7A3C665D0C06}.Debug|iPhone.ActiveCfg = Debug|iPhone
		{B025D9B0-7309-4445-8C35-7A3C665D0C06}.Debug|iPhone.Build.0 = Debug|iPhone
		{B025D9B0-7309-4445-8C35-7A3C665D0C06}.Debug|iPhoneSimulator.ActiveCfg = Debug|iPhoneSimulator
		{B025D9B0-7309-4445-8C35-7A3C665D0C06}.Debug|iPhoneSimulator.Build.0 = Debug|iPhoneSimulator
		{B025D9B0-7309-4445-8C35-7A3C665D0C06}.Debug|x64.ActiveCfg = Debug|iPhone
		{B025D9B0-7309-4445-8C35-7A3C665D0C06}.Debug|x86.ActiveCfg = Debug|iPhone
		{B025D9B0-7309-4445-8C35-7A3C665D0C06}.Debug|x86.Build.0 = Debug|iPhone
		{B025D9B0-7309-4445-8C35-7A3C665D0C06}.Release|Any CPU.ActiveCfg = Release|iPhone
		{B025D9B0-7309-4445-8C35-7A3C665D0C06}.Release|ARM.ActiveCfg = Release|iPhone
		{B025D9B0-7309-4445-8C35-7A3C665D0C06}.Release|iPhone.ActiveCfg = Release|iPhone
		{B025D9B0-7309-4445-8C35-7A3C665D0C06}.Release|iPhone.Build.0 = Release|iPhone
		{B025D9B0-7309-4445-8C35-7A3C665D0C06}.Release|iPhoneSimulator.ActiveCfg = Release|iPhoneSimulator
		{B025D9B0-7309-4445-8C35-7A3C665D0C06}.Release|iPhoneSimulator.Build.0 = Release|iPhoneSimulator
		{B025D9B0-7309-4445-8C35-7A3C665D0C06}.Release|x64.ActiveCfg = Release|iPhone
		{B025D9B0-7309-4445-8C35-7A3C665D0C06}.Release|x86.ActiveCfg = Release|iPhone
		{3BE29739-A1DA-4910-BAC3-7AF6FD6ECE8A}.Ad-Hoc|Any CPU.ActiveCfg = Release|x86
		{3BE29739-A1DA-4910-BAC3-7AF6FD6ECE8A}.Ad-Hoc|Any CPU.Build.0 = Release|x86
		{3BE29739-A1DA-4910-BAC3-7AF6FD6ECE8A}.Ad-Hoc|Any CPU.Deploy.0 = Release|x86
		{3BE29739-A1DA-4910-BAC3-7AF6FD6ECE8A}.Ad-Hoc|ARM.ActiveCfg = Release|ARM
		{3BE29739-A1DA-4910-BAC3-7AF6FD6ECE8A}.Ad-Hoc|ARM.Build.0 = Release|ARM
		{3BE29739-A1DA-4910-BAC3-7AF6FD6ECE8A}.Ad-Hoc|ARM.Deploy.0 = Release|ARM
		{3BE29739-A1DA-4910-BAC3-7AF6FD6ECE8A}.Ad-Hoc|iPhone.ActiveCfg = Release|x86
		{3BE29739-A1DA-4910-BAC3-7AF6FD6ECE8A}.Ad-Hoc|iPhone.Build.0 = Release|x86
		{3BE29739-A1DA-4910-BAC3-7AF6FD6ECE8A}.Ad-Hoc|iPhone.Deploy.0 = Release|x86
		{3BE29739-A1DA-4910-BAC3-7AF6FD6ECE8A}.Ad-Hoc|iPhoneSimulator.ActiveCfg = Release|x86
		{3BE29739-A1DA-4910-BAC3-7AF6FD6ECE8A}.Ad-Hoc|iPhoneSimulator.Build.0 = Release|x86
		{3BE29739-A1DA-4910-BAC3-7AF6FD6ECE8A}.Ad-Hoc|iPhoneSimulator.Deploy.0 = Release|x86
		{3BE29739-A1DA-4910-BAC3-7AF6FD6ECE8A}.Ad-Hoc|x64.ActiveCfg = Release|x64
		{3BE29739-A1DA-4910-BAC3-7AF6FD6ECE8A}.Ad-Hoc|x64.Build.0 = Release|x64
		{3BE29739-A1DA-4910-BAC3-7AF6FD6ECE8A}.Ad-Hoc|x64.Deploy.0 = Release|x64
		{3BE29739-A1DA-4910-BAC3-7AF6FD6ECE8A}.Ad-Hoc|x86.ActiveCfg = Release|x86
		{3BE29739-A1DA-4910-BAC3-7AF6FD6ECE8A}.Ad-Hoc|x86.Build.0 = Release|x86
		{3BE29739-A1DA-4910-BAC3-7AF6FD6ECE8A}.Ad-Hoc|x86.Deploy.0 = Release|x86
		{3BE29739-A1DA-4910-BAC3-7AF6FD6ECE8A}.AppStore|Any CPU.ActiveCfg = Release|x86
		{3BE29739-A1DA-4910-BAC3-7AF6FD6ECE8A}.AppStore|Any CPU.Build.0 = Release|x86
		{3BE29739-A1DA-4910-BAC3-7AF6FD6ECE8A}.AppStore|Any CPU.Deploy.0 = Release|x86
		{3BE29739-A1DA-4910-BAC3-7AF6FD6ECE8A}.AppStore|ARM.ActiveCfg = Release|ARM
		{3BE29739-A1DA-4910-BAC3-7AF6FD6ECE8A}.AppStore|ARM.Build.0 = Release|ARM
		{3BE29739-A1DA-4910-BAC3-7AF6FD6ECE8A}.AppStore|ARM.Deploy.0 = Release|ARM
		{3BE29739-A1DA-4910-BAC3-7AF6FD6ECE8A}.AppStore|iPhone.ActiveCfg = Release|x86
		{3BE29739-A1DA-4910-BAC3-7AF6FD6ECE8A}.AppStore|iPhone.Build.0 = Release|x86
		{3BE29739-A1DA-4910-BAC3-7AF6FD6ECE8A}.AppStore|iPhone.Deploy.0 = Release|x86
		{3BE29739-A1DA-4910-BAC3-7AF6FD6ECE8A}.AppStore|iPhoneSimulator.ActiveCfg = Release|x86
		{3BE29739-A1DA-4910-BAC3-7AF6FD6ECE8A}.AppStore|iPhoneSimulator.Build.0 = Release|x86
		{3BE29739-A1DA-4910-BAC3-7AF6FD6ECE8A}.AppStore|iPhoneSimulator.Deploy.0 = Release|x86
		{3BE29739-A1DA-4910-BAC3-7AF6FD6ECE8A}.AppStore|x64.ActiveCfg = Release|x64
		{3BE29739-A1DA-4910-BAC3-7AF6FD6ECE8A}.AppStore|x64.Build.0 = Release|x64
		{3BE29739-A1DA-4910-BAC3-7AF6FD6ECE8A}.AppStore|x64.Deploy.0 = Release|x64
		{3BE29739-A1DA-4910-BAC3-7AF6FD6ECE8A}.AppStore|x86.ActiveCfg = Release|x86
		{3BE29739-A1DA-4910-BAC3-7AF6FD6ECE8A}.AppStore|x86.Build.0 = Release|x86
		{3BE29739-A1DA-4910-BAC3-7AF6FD6ECE8A}.AppStore|x86.Deploy.0 = Release|x86
		{3BE29739-A1DA-4910-BAC3-7AF6FD6ECE8A}.Debug|Any CPU.ActiveCfg = Debug|x86
		{3BE29739-A1DA-4910-BAC3-7AF6FD6ECE8A}.Debug|Any CPU.Build.0 = Debug|x86
		{3BE29739-A1DA-4910-BAC3-7AF6FD6ECE8A}.Debug|Any CPU.Deploy.0 = Debug|x86
		{3BE29739-A1DA-4910-BAC3-7AF6FD6ECE8A}.Debug|ARM.ActiveCfg = Debug|ARM
		{3BE29739-A1DA-4910-BAC3-7AF6FD6ECE8A}.Debug|ARM.Build.0 = Debug|ARM
		{3BE29739-A1DA-4910-BAC3-7AF6FD6ECE8A}.Debug|ARM.Deploy.0 = Debug|ARM
		{3BE29739-A1DA-4910-BAC3-7AF6FD6ECE8A}.Debug|iPhone.ActiveCfg = Debug|x86
		{3BE29739-A1DA-4910-BAC3-7AF6FD6ECE8A}.Debug|iPhoneSimulator.ActiveCfg = Debug|x86
		{3BE29739-A1DA-4910-BAC3-7AF6FD6ECE8A}.Debug|x64.ActiveCfg = Debug|x64
		{3BE29739-A1DA-4910-BAC3-7AF6FD6ECE8A}.Debug|x64.Build.0 = Debug|x64
		{3BE29739-A1DA-4910-BAC3-7AF6FD6ECE8A}.Debug|x64.Deploy.0 = Debug|x64
		{3BE29739-A1DA-4910-BAC3-7AF6FD6ECE8A}.Debug|x86.ActiveCfg = Debug|x86
		{3BE29739-A1DA-4910-BAC3-7AF6FD6ECE8A}.Debug|x86.Build.0 = Debug|x86
		{3BE29739-A1DA-4910-BAC3-7AF6FD6ECE8A}.Debug|x86.Deploy.0 = Debug|x86
		{3BE29739-A1DA-4910-BAC3-7AF6FD6ECE8A}.Release|Any CPU.ActiveCfg = Release|x86
		{3BE29739-A1DA-4910-BAC3-7AF6FD6ECE8A}.Release|ARM.ActiveCfg = Release|ARM
		{3BE29739-A1DA-4910-BAC3-7AF6FD6ECE8A}.Release|ARM.Build.0 = Release|ARM
		{3BE29739-A1DA-4910-BAC3-7AF6FD6ECE8A}.Release|ARM.Deploy.0 = Release|ARM
		{3BE29739-A1DA-4910-BAC3-7AF6FD6ECE8A}.Release|iPhone.ActiveCfg = Release|x86
		{3BE29739-A1DA-4910-BAC3-7AF6FD6ECE8A}.Release|iPhoneSimulator.ActiveCfg = Release|x86
		{3BE29739-A1DA-4910-BAC3-7AF6FD6ECE8A}.Release|x64.ActiveCfg = Release|x64
		{3BE29739-A1DA-4910-BAC3-7AF6FD6ECE8A}.Release|x64.Build.0 = Release|x64
		{3BE29739-A1DA-4910-BAC3-7AF6FD6ECE8A}.Release|x64.Deploy.0 = Release|x64
		{3BE29739-A1DA-4910-BAC3-7AF6FD6ECE8A}.Release|x86.ActiveCfg = Release|x86
		{3BE29739-A1DA-4910-BAC3-7AF6FD6ECE8A}.Release|x86.Build.0 = Release|x86
		{3BE29739-A1DA-4910-BAC3-7AF6FD6ECE8A}.Release|x86.Deploy.0 = Release|x86
		{D5C32361-0B30-4FA3-BCE6-49D790CFEE42}.Ad-Hoc|Any CPU.ActiveCfg = Debug|Any CPU
		{D5C32361-0B30-4FA3-BCE6-49D790CFEE42}.Ad-Hoc|Any CPU.Build.0 = Debug|Any CPU
		{D5C32361-0B30-4FA3-BCE6-49D790CFEE42}.Ad-Hoc|ARM.ActiveCfg = Debug|Any CPU
		{D5C32361-0B30-4FA3-BCE6-49D790CFEE42}.Ad-Hoc|ARM.Build.0 = Debug|Any CPU
		{D5C32361-0B30-4FA3-BCE6-49D790CFEE42}.Ad-Hoc|iPhone.ActiveCfg = Debug|Any CPU
		{D5C32361-0B30-4FA3-BCE6-49D790CFEE42}.Ad-Hoc|iPhone.Build.0 = Debug|Any CPU
		{D5C32361-0B30-4FA3-BCE6-49D790CFEE42}.Ad-Hoc|iPhoneSimulator.ActiveCfg = Debug|Any CPU
		{D5C32361-0B30-4FA3-BCE6-49D790CFEE42}.Ad-Hoc|iPhoneSimulator.Build.0 = Debug|Any CPU
		{D5C32361-0B30-4FA3-BCE6-49D790CFEE42}.Ad-Hoc|x64.ActiveCfg = Debug|Any CPU
		{D5C32361-0B30-4FA3-BCE6-49D790CFEE42}.Ad-Hoc|x64.Build.0 = Debug|Any CPU
		{D5C32361-0B30-4FA3-BCE6-49D790CFEE42}.Ad-Hoc|x86.ActiveCfg = Debug|Any CPU
		{D5C32361-0B30-4FA3-BCE6-49D790CFEE42}.Ad-Hoc|x86.Build.0 = Debug|Any CPU
		{D5C32361-0B30-4FA3-BCE6-49D790CFEE42}.AppStore|Any CPU.ActiveCfg = Debug|Any CPU
		{D5C32361-0B30-4FA3-BCE6-49D790CFEE42}.AppStore|Any CPU.Build.0 = Debug|Any CPU
		{D5C32361-0B30-4FA3-BCE6-49D790CFEE42}.AppStore|ARM.ActiveCfg = Debug|Any CPU
		{D5C32361-0B30-4FA3-BCE6-49D790CFEE42}.AppStore|ARM.Build.0 = Debug|Any CPU
		{D5C32361-0B30-4FA3-BCE6-49D790CFEE42}.AppStore|iPhone.ActiveCfg = Debug|Any CPU
		{D5C32361-0B30-4FA3-BCE6-49D790CFEE42}.AppStore|iPhone.Build.0 = Debug|Any CPU
		{D5C32361-0B30-4FA3-BCE6-49D790CFEE42}.AppStore|iPhoneSimulator.ActiveCfg = Debug|Any CPU
		{D5C32361-0B30-4FA3-BCE6-49D790CFEE42}.AppStore|iPhoneSimulator.Build.0 = Debug|Any CPU
		{D5C32361-0B30-4FA3-BCE6-49D790CFEE42}.AppStore|x64.ActiveCfg = Debug|Any CPU
		{D5C32361-0B30-4FA3-BCE6-49D790CFEE42}.AppStore|x64.Build.0 = Debug|Any CPU
		{D5C32361-0B30-4FA3-BCE6-49D790CFEE42}.AppStore|x86.ActiveCfg = Debug|Any CPU
		{D5C32361-0B30-4FA3-BCE6-49D790CFEE42}.AppStore|x86.Build.0 = Debug|Any CPU
		{D5C32361-0B30-4FA3-BCE6-49D790CFEE42}.Debug|Any CPU.ActiveCfg = Debug|Any CPU
		{D5C32361-0B30-4FA3-BCE6-49D790CFEE42}.Debug|Any CPU.Build.0 = Debug|Any CPU
		{D5C32361-0B30-4FA3-BCE6-49D790CFEE42}.Debug|ARM.ActiveCfg = Debug|Any CPU
		{D5C32361-0B30-4FA3-BCE6-49D790CFEE42}.Debug|ARM.Build.0 = Debug|Any CPU
		{D5C32361-0B30-4FA3-BCE6-49D790CFEE42}.Debug|iPhone.ActiveCfg = Debug|Any CPU
		{D5C32361-0B30-4FA3-BCE6-49D790CFEE42}.Debug|iPhone.Build.0 = Debug|Any CPU
		{D5C32361-0B30-4FA3-BCE6-49D790CFEE42}.Debug|iPhoneSimulator.ActiveCfg = Debug|Any CPU
		{D5C32361-0B30-4FA3-BCE6-49D790CFEE42}.Debug|iPhoneSimulator.Build.0 = Debug|Any CPU
		{D5C32361-0B30-4FA3-BCE6-49D790CFEE42}.Debug|x64.ActiveCfg = Debug|Any CPU
		{D5C32361-0B30-4FA3-BCE6-49D790CFEE42}.Debug|x64.Build.0 = Debug|Any CPU
		{D5C32361-0B30-4FA3-BCE6-49D790CFEE42}.Debug|x86.ActiveCfg = Debug|Any CPU
		{D5C32361-0B30-4FA3-BCE6-49D790CFEE42}.Debug|x86.Build.0 = Debug|Any CPU
		{D5C32361-0B30-4FA3-BCE6-49D790CFEE42}.Release|Any CPU.ActiveCfg = Release|Any CPU
		{D5C32361-0B30-4FA3-BCE6-49D790CFEE42}.Release|Any CPU.Build.0 = Release|Any CPU
		{D5C32361-0B30-4FA3-BCE6-49D790CFEE42}.Release|ARM.ActiveCfg = Release|Any CPU
		{D5C32361-0B30-4FA3-BCE6-49D790CFEE42}.Release|ARM.Build.0 = Release|Any CPU
		{D5C32361-0B30-4FA3-BCE6-49D790CFEE42}.Release|iPhone.ActiveCfg = Release|Any CPU
		{D5C32361-0B30-4FA3-BCE6-49D790CFEE42}.Release|iPhone.Build.0 = Release|Any CPU
		{D5C32361-0B30-4FA3-BCE6-49D790CFEE42}.Release|iPhoneSimulator.ActiveCfg = Release|Any CPU
		{D5C32361-0B30-4FA3-BCE6-49D790CFEE42}.Release|iPhoneSimulator.Build.0 = Release|Any CPU
		{D5C32361-0B30-4FA3-BCE6-49D790CFEE42}.Release|x64.ActiveCfg = Release|Any CPU
		{D5C32361-0B30-4FA3-BCE6-49D790CFEE42}.Release|x64.Build.0 = Release|Any CPU
		{D5C32361-0B30-4FA3-BCE6-49D790CFEE42}.Release|x86.ActiveCfg = Release|Any CPU
		{D5C32361-0B30-4FA3-BCE6-49D790CFEE42}.Release|x86.Build.0 = Release|Any CPU
	EndGlobalSection
	GlobalSection(SolutionProperties) = preSolution
		HideSolutionNode = FALSE
	EndGlobalSection
	GlobalSection(ExtensibilityGlobals) = postSolution
		SolutionGuid = {F76D34D4-899B-42E8-88A9-785697A274C1}
	EndGlobalSection
EndGlobal
